
Microsoft Visual Studio Solution File, Format Version 12.00
# Visual Studio Version 16
VisualStudioVersion = 16.0.29728.190
MinimumVisualStudioVersion = 10.0.40219.1
Project("{9A19103F-16F7-4668-BE54-9A1E7A4F7556}") = "core-pattern", "core-pattern\core-pattern.csproj", "{DD6AE3BA-C388-4217-B7D3-9794D94E79E1}"
EndProject
Project("{9A19103F-16F7-4668-BE54-9A1E7A4F7556}") = "core-pattern.Service", "core-pattern.Service\core-pattern.Service.csproj", "{992BD8FC-307E-4EE1-8959-0AE38B32EE58}"
EndProject
Project("{9A19103F-16F7-4668-BE54-9A1E7A4F7556}") = "core-pattern.Repository", "core-pattern.Repository\core-pattern.Repository.csproj", "{B8816F75-DA95-46BB-88AB-1E3FC698C8EC}"
EndProject
Project("{2150E333-8FDC-42A3-9474-1A3956D46DE8}") = "3.Service", "3.Service", "{71C90BCE-2069-46FD-9AE0-EA56ADDC0B0B}"
EndProject
Project("{2150E333-8FDC-42A3-9474-1A3956D46DE8}") = "2.Repository", "2.Repository", "{2576D5C7-CA9E-4009-81AF-DAF97CF34941}"
EndProject
Project("{2150E333-8FDC-42A3-9474-1A3956D46DE8}") = "4.WebApi", "4.WebApi", "{03B94542-378F-43AE-A599-686032123360}"
EndProject
Project("{2150E333-8FDC-42A3-9474-1A3956D46DE8}") = "1.Common", "1.Common", "{6317B27B-AC11-4EDD-98AC-BAABD730FEAB}"
EndProject
Project("{FAE04EC0-301F-11D3-BF4B-00C04F79EFBC}") = "core-pattern.Common", "core-pattern.Common\core-pattern.Common.csproj", "{03E48DA8-A454-4F52-913C-6BC5C9E4A69E}"
EndProject
Global
	GlobalSection(SolutionConfigurationPlatforms) = preSolution
		Debug|Any CPU = Debug|Any CPU
		Release|Any CPU = Release|Any CPU
	EndGlobalSection
	GlobalSection(ProjectConfigurationPlatforms) = postSolution
		{DD6AE3BA-C388-4217-B7D3-9794D94E79E1}.Debug|Any CPU.ActiveCfg = Debug|Any CPU
		{DD6AE3BA-C388-4217-B7D3-9794D94E79E1}.Debug|Any CPU.Build.0 = Debug|Any CPU
		{DD6AE3BA-C388-4217-B7D3-9794D94E79E1}.Release|Any CPU.ActiveCfg = Release|Any CPU
		{DD6AE3BA-C388-4217-B7D3-9794D94E79E1}.Release|Any CPU.Build.0 = Release|Any CPU
		{992BD8FC-307E-4EE1-8959-0AE38B32EE58}.Debug|Any CPU.ActiveCfg = Debug|Any CPU
		{992BD8FC-307E-4EE1-8959-0AE38B32EE58}.Debug|Any CPU.Build.0 = Debug|Any CPU
		{992BD8FC-307E-4EE1-8959-0AE38B32EE58}.Release|Any CPU.ActiveCfg = Release|Any CPU
		{992BD8FC-307E-4EE1-8959-0AE38B32EE58}.Release|Any CPU.Build.0 = Release|Any CPU
		{B8816F75-DA95-46BB-88AB-1E3FC698C8EC}.Debug|Any CPU.ActiveCfg = Debug|Any CPU
		{B8816F75-DA95-46BB-88AB-1E3FC698C8EC}.Debug|Any CPU.Build.0 = Debug|Any CPU
		{B8816F75-DA95-46BB-88AB-1E3FC698C8EC}.Release|Any CPU.ActiveCfg = Release|Any CPU
		{B8816F75-DA95-46BB-88AB-1E3FC698C8EC}.Release|Any CPU.Build.0 = Release|Any CPU
		{03E48DA8-A454-4F52-913C-6BC5C9E4A69E}.Debug|Any CPU.ActiveCfg = Debug|Any CPU
		{03E48DA8-A454-4F52-913C-6BC5C9E4A69E}.Debug|Any CPU.Build.0 = Debug|Any CPU
		{03E48DA8-A454-4F52-913C-6BC5C9E4A69E}.Release|Any CPU.ActiveCfg = Release|Any CPU
		{03E48DA8-A454-4F52-913C-6BC5C9E4A69E}.Release|Any CPU.Build.0 = Release|Any CPU
	EndGlobalSection
	GlobalSection(SolutionProperties) = preSolution
		HideSolutionNode = FALSE
	EndGlobalSection
	GlobalSection(NestedProjects) = preSolution
		{DD6AE3BA-C388-4217-B7D3-9794D94E79E1} = {03B94542-378F-43AE-A599-686032123360}
		{992BD8FC-307E-4EE1-8959-0AE38B32EE58} = {71C90BCE-2069-46FD-9AE0-EA56ADDC0B0B}
		{B8816F75-DA95-46BB-88AB-1E3FC698C8EC} = {2576D5C7-CA9E-4009-81AF-DAF97CF34941}
		{03E48DA8-A454-4F52-913C-6BC5C9E4A69E} = {6317B27B-AC11-4EDD-98AC-BAABD730FEAB}
	EndGlobalSection
	GlobalSection(ExtensibilityGlobals) = postSolution
		SolutionGuid = {91E67521-530C-4DB5-94E4-8D4A1ED2506F}
	EndGlobalSection
EndGlobal
